
Microsoft Visual Studio Solution File, Format Version 12.00
# Visual Studio Version 17
VisualStudioVersion = 17.12.35707.178
MinimumVisualStudioVersion = 10.0.40219.1
Project("{FAE04EC0-301F-11D3-BF4B-00C04F79EFBC}") = "Trailblazer", "src\Trailblazer\Trailblazer.csproj", "{0D2EC1AC-B1A0-4C06-B198-79FAA2B58E97}"
EndProject
Project("{FAE04EC0-301F-11D3-BF4B-00C04F79EFBC}") = "Trailblazer.Tests", "tests\Trailblazer.Tests\Trailblazer.Tests.csproj", "{4686CB26-E1E9-4931-BDD5-6AAD43A9DEDC}"
EndProject
Project("{2150E333-8FDC-42A3-9474-1A3956D46DE8}") = "Solution Items", "Solution Items", "{93935F3A-83E9-4C10-8435-20C65F12A3D6}"
	ProjectSection(SolutionItems) = preProject
		.editorconfig = .editorconfig
		.gitignore = .gitignore
		LICENSE = LICENSE
		NOTICE = NOTICE
		COPYRIGHT = COPYRIGHT
		README.md = README.md
	EndProjectSection
EndProject
Global
	GlobalSection(SolutionConfigurationPlatforms) = preSolution
		Debug|Any CPU = Debug|Any CPU
		Release|Any CPU = Release|Any CPU
	EndGlobalSection
	GlobalSection(ProjectConfigurationPlatforms) = postSolution
		{0D2EC1AC-B1A0-4C06-B198-79FAA2B58E97}.Debug|Any CPU.ActiveCfg = Debug|Any CPU
		{0D2EC1AC-B1A0-4C06-B198-79FAA2B58E97}.Debug|Any CPU.Build.0 = Debug|Any CPU
		{0D2EC1AC-B1A0-4C06-B198-79FAA2B58E97}.Release|Any CPU.ActiveCfg = Release|Any CPU
		{0D2EC1AC-B1A0-4C06-B198-79FAA2B58E97}.Release|Any CPU.Build.0 = Release|Any CPU
		{4686CB26-E1E9-4931-BDD5-6AAD43A9DEDC}.Debug|Any CPU.ActiveCfg = Debug|Any CPU
		{4686CB26-E1E9-4931-BDD5-6AAD43A9DEDC}.Debug|Any CPU.Build.0 = Debug|Any CPU
		{4686CB26-E1E9-4931-BDD5-6AAD43A9DEDC}.Release|Any CPU.ActiveCfg = Release|Any CPU
		{4686CB26-E1E9-4931-BDD5-6AAD43A9DEDC}.Release|Any CPU.Build.0 = Release|Any CPU
	EndGlobalSection
	GlobalSection(SolutionProperties) = preSolution
		HideSolutionNode = FALSE
	EndGlobalSection
EndGlobal
