<Solution>
  <Configurations>
    <BuildType Name="Debug" />
    <BuildType Name="Release" />
    <BuildType Name="ReleaseLean" />
  </Configurations>
  <Folder Name="/Solution Items/">
    <File Path=".editorconfig" />
    <File Path=".gitignore" />
    <File Path="COPYRIGHT" />
    <File Path="LICENSE" />
    <File Path="NOTICE" />
    <File Path="README.md" />
  </Folder>
  <Project Path="src/Trailblazer/Trailblazer.csproj" />
  <Project Path="tests/Trailblazer.Benchmarks/Trailblazer.Benchmarks.csproj" />
  <Project Path="tests/Trailblazer.Tests/Trailblazer.Tests.csproj" />
</Solution>
